
Microsoft Visual Studio Solution File, Format Version 12.00
# Visual Studio 15
VisualStudioVersion = 15.0.28306.52
MinimumVisualStudioVersion = 10.0.40219.1
Project("{FAE04EC0-301F-11D3-BF4B-00C04F79EFBC}") = "Trabalho AED", "Trabalho AED\Trabalho AED.csproj", "{DA114819-3794-4E64-A484-2DD285535382}"
EndProject
Global
	GlobalSection(SolutionConfigurationPlatforms) = preSolution
		Debug|Any CPU = Debug|Any CPU
		Release|Any CPU = Release|Any CPU
	EndGlobalSection
	GlobalSection(ProjectConfigurationPlatforms) = postSolution
		{DA114819-3794-4E64-A484-2DD285535382}.Debug|Any CPU.ActiveCfg = Debug|Any CPU
		{DA114819-3794-4E64-A484-2DD285535382}.Debug|Any CPU.Build.0 = Debug|Any CPU
		{DA114819-3794-4E64-A484-2DD285535382}.Release|Any CPU.ActiveCfg = Release|Any CPU
		{DA114819-3794-4E64-A484-2DD285535382}.Release|Any CPU.Build.0 = Release|Any CPU
	EndGlobalSection
	GlobalSection(SolutionProperties) = preSolution
		HideSolutionNode = FALSE
	EndGlobalSection
	GlobalSection(ExtensibilityGlobals) = postSolution
		SolutionGuid = {D3E58EC3-9223-4194-BE4B-EB28D03D997C}
	EndGlobalSection
EndGlobal
